// !$*UTF8*$!
{
	archiveVersion = 1;
	classes = {
	};
	objectVersion = 46;
	objects = {

/* Begin PBXBuildFile section */
		422AA4C01CE278B10029A442 /* AppDelegate.swift in Sources */ = {isa = PBXBuildFile; fileRef = 422AA4BF1CE278B10029A442 /* AppDelegate.swift */; };
		422AA4C21CE278B10029A442 /* ViewController.swift in Sources */ = {isa = PBXBuildFile; fileRef = 422AA4C11CE278B10029A442 /* ViewController.swift */; };
		422AA4C41CE278B10029A442 /* Document.swift in Sources */ = {isa = PBXBuildFile; fileRef = 422AA4C31CE278B10029A442 /* Document.swift */; };
		422AA4C61CE278B10029A442 /* Assets.xcassets in Resources */ = {isa = PBXBuildFile; fileRef = 422AA4C51CE278B10029A442 /* Assets.xcassets */; };
		422AA4C91CE278B10029A442 /* Main.storyboard in Resources */ = {isa = PBXBuildFile; fileRef = 422AA4C71CE278B10029A442 /* Main.storyboard */; };
		422AA4D21CE27FC10029A442 /* PlotKit.framework in Frameworks */ = {isa = PBXBuildFile; fileRef = 422AA4D01CE27FB30029A442 /* PlotKit.framework */; };
		422AA4D31CE27FC10029A442 /* PlotKit.framework in Embed Frameworks */ = {isa = PBXBuildFile; fileRef = 422AA4D01CE27FB30029A442 /* PlotKit.framework */; settings = {ATTRIBUTES = (CodeSignOnCopy, RemoveHeadersOnCopy, ); }; };
		422AA4D61CE2887A0029A442 /* CoreGraphics.framework in Frameworks */ = {isa = PBXBuildFile; fileRef = 422AA4D51CE2887A0029A442 /* CoreGraphics.framework */; };
		422AA4F01CE366490029A442 /* DataPoint.swift in Sources */ = {isa = PBXBuildFile; fileRef = 422AA4EF1CE366490029A442 /* DataPoint.swift */; };
		42596B071CE3E400001FD775 /* linearRegressionResult.swift in Sources */ = {isa = PBXBuildFile; fileRef = 42596B061CE3E400001FD775 /* linearRegressionResult.swift */; };
/* End PBXBuildFile section */

/* Begin PBXCopyFilesBuildPhase section */
		422AA4D41CE27FC10029A442 /* Embed Frameworks */ = {
			isa = PBXCopyFilesBuildPhase;
			buildActionMask = 2147483647;
			dstPath = "";
			dstSubfolderSpec = 10;
			files = (
				422AA4D31CE27FC10029A442 /* PlotKit.framework in Embed Frameworks */,
			);
			name = "Embed Frameworks";
			runOnlyForDeploymentPostprocessing = 0;
		};
/* End PBXCopyFilesBuildPhase section */

/* Begin PBXFileReference section */
		422AA4BC1CE278B10029A442 /* regressor.app */ = {isa = PBXFileReference; explicitFileType = wrapper.application; includeInIndex = 0; path = regressor.app; sourceTree = BUILT_PRODUCTS_DIR; };
		422AA4BF1CE278B10029A442 /* AppDelegate.swift */ = {isa = PBXFileReference; lastKnownFileType = sourcecode.swift; path = AppDelegate.swift; sourceTree = "<group>"; };
		422AA4C11CE278B10029A442 /* ViewController.swift */ = {isa = PBXFileReference; lastKnownFileType = sourcecode.swift; path = ViewController.swift; sourceTree = "<group>"; };
		422AA4C31CE278B10029A442 /* Document.swift */ = {isa = PBXFileReference; lastKnownFileType = sourcecode.swift; path = Document.swift; sourceTree = "<group>"; };
		422AA4C51CE278B10029A442 /* Assets.xcassets */ = {isa = PBXFileReference; lastKnownFileType = folder.assetcatalog; path = Assets.xcassets; sourceTree = "<group>"; };
		422AA4C81CE278B10029A442 /* Base */ = {isa = PBXFileReference; lastKnownFileType = file.storyboard; name = Base; path = Base.lproj/Main.storyboard; sourceTree = "<group>"; };
		422AA4CA1CE278B10029A442 /* Info.plist */ = {isa = PBXFileReference; lastKnownFileType = text.plist.xml; path = Info.plist; sourceTree = "<group>"; };
		422AA4D01CE27FB30029A442 /* PlotKit.framework */ = {isa = PBXFileReference; lastKnownFileType = wrapper.framework; path = PlotKit.framework; sourceTree = "<group>"; };
		422AA4D51CE2887A0029A442 /* CoreGraphics.framework */ = {isa = PBXFileReference; lastKnownFileType = wrapper.framework; name = CoreGraphics.framework; path = System/Library/Frameworks/CoreGraphics.framework; sourceTree = SDKROOT; };
		422AA4EF1CE366490029A442 /* DataPoint.swift */ = {isa = PBXFileReference; fileEncoding = 4; lastKnownFileType = sourcecode.swift; path = DataPoint.swift; sourceTree = "<group>"; };
		42596B061CE3E400001FD775 /* linearRegressionResult.swift */ = {isa = PBXFileReference; fileEncoding = 4; lastKnownFileType = sourcecode.swift; path = linearRegressionResult.swift; sourceTree = "<group>"; usesTabs = 1; };
/* End PBXFileReference section */

/* Begin PBXFrameworksBuildPhase section */
		422AA4B91CE278B10029A442 /* Frameworks */ = {
			isa = PBXFrameworksBuildPhase;
			buildActionMask = 2147483647;
			files = (
				422AA4D61CE2887A0029A442 /* CoreGraphics.framework in Frameworks */,
				422AA4D21CE27FC10029A442 /* PlotKit.framework in Frameworks */,
			);
			runOnlyForDeploymentPostprocessing = 0;
		};
/* End PBXFrameworksBuildPhase section */

/* Begin PBXGroup section */
		422AA4B31CE278B10029A442 = {
			isa = PBXGroup;
			children = (
				422AA4D51CE2887A0029A442 /* CoreGraphics.framework */,
				422AA4BE1CE278B10029A442 /* regressor */,
				422AA4BD1CE278B10029A442 /* Products */,
			);
			sourceTree = "<group>";
		};
		422AA4BD1CE278B10029A442 /* Products */ = {
			isa = PBXGroup;
			children = (
				422AA4BC1CE278B10029A442 /* regressor.app */,
			);
			name = Products;
			sourceTree = "<group>";
		};
		422AA4BE1CE278B10029A442 /* regressor */ = {
			isa = PBXGroup;
			children = (
				422AA4BF1CE278B10029A442 /* AppDelegate.swift */,
				422AA4C11CE278B10029A442 /* ViewController.swift */,
				42596B061CE3E400001FD775 /* linearRegressionResult.swift */,
				422AA4EF1CE366490029A442 /* DataPoint.swift */,
				422AA4C31CE278B10029A442 /* Document.swift */,
				422AA4C51CE278B10029A442 /* Assets.xcassets */,
				422AA4C71CE278B10029A442 /* Main.storyboard */,
				422AA4CA1CE278B10029A442 /* Info.plist */,
				422AA4D01CE27FB30029A442 /* PlotKit.framework */,
			);
			path = regressor;
			sourceTree = "<group>";
		};
/* End PBXGroup section */

/* Begin PBXNativeTarget section */
		422AA4BB1CE278B10029A442 /* regressor */ = {
			isa = PBXNativeTarget;
			buildConfigurationList = 422AA4CD1CE278B10029A442 /* Build configuration list for PBXNativeTarget "regressor" */;
			buildPhases = (
				422AA4B81CE278B10029A442 /* Sources */,
				422AA4B91CE278B10029A442 /* Frameworks */,
				422AA4BA1CE278B10029A442 /* Resources */,
				422AA4D41CE27FC10029A442 /* Embed Frameworks */,
			);
			buildRules = (
			);
			dependencies = (
			);
			name = regressor;
			productName = regressor;
			productReference = 422AA4BC1CE278B10029A442 /* regressor.app */;
			productType = "com.apple.product-type.application";
		};
/* End PBXNativeTarget section */

/* Begin PBXProject section */
		422AA4B41CE278B10029A442 /* Project object */ = {
			isa = PBXProject;
			attributes = {
				LastSwiftUpdateCheck = 0730;
				LastUpgradeCheck = 0730;
				ORGANIZATIONNAME = "Robin Malhotra";
				TargetAttributes = {
					422AA4BB1CE278B10029A442 = {
						CreatedOnToolsVersion = 7.3.1;
					};
				};
			};
			buildConfigurationList = 422AA4B71CE278B10029A442 /* Build configuration list for PBXProject "regressor" */;
			compatibilityVersion = "Xcode 3.2";
			developmentRegion = English;
			hasScannedForEncodings = 0;
			knownRegions = (
				en,
				Base,
			);
			mainGroup = 422AA4B31CE278B10029A442;
			productRefGroup = 422AA4BD1CE278B10029A442 /* Products */;
			projectDirPath = "";
			projectRoot = "";
			targets = (
				422AA4BB1CE278B10029A442 /* regressor */,
			);
		};
/* End PBXProject section */

/* Begin PBXResourcesBuildPhase section */
		422AA4BA1CE278B10029A442 /* Resources */ = {
			isa = PBXResourcesBuildPhase;
			buildActionMask = 2147483647;
			files = (
				422AA4C61CE278B10029A442 /* Assets.xcassets in Resources */,
				422AA4C91CE278B10029A442 /* Main.storyboard in Resources */,
			);
			runOnlyForDeploymentPostprocessing = 0;
		};
/* End PBXResourcesBuildPhase section */

/* Begin PBXSourcesBuildPhase section */
		422AA4B81CE278B10029A442 /* Sources */ = {
			isa = PBXSourcesBuildPhase;
			buildActionMask = 2147483647;
			files = (
				422AA4C21CE278B10029A442 /* ViewController.swift in Sources */,
				422AA4C01CE278B10029A442 /* AppDelegate.swift in Sources */,
				422AA4F01CE366490029A442 /* DataPoint.swift in Sources */,
				42596B071CE3E400001FD775 /* linearRegressionResult.swift in Sources */,
				422AA4C41CE278B10029A442 /* Document.swift in Sources */,
			);
			runOnlyForDeploymentPostprocessing = 0;
		};
/* End PBXSourcesBuildPhase section */

/* Begin PBXVariantGroup section */
		422AA4C71CE278B10029A442 /* Main.storyboard */ = {
			isa = PBXVariantGroup;
			children = (
				422AA4C81CE278B10029A442 /* Base */,
			);
			name = Main.storyboard;
			sourceTree = "<group>";
		};
/* End PBXVariantGroup section */

/* Begin XCBuildConfiguration section */
		422AA4CB1CE278B10029A442 /* Debug */ = {
			isa = XCBuildConfiguration;
			buildSettings = {
				ALWAYS_SEARCH_USER_PATHS = NO;
				CLANG_ANALYZER_NONNULL = YES;
				CLANG_CXX_LANGUAGE_STANDARD = "gnu++0x";
				CLANG_CXX_LIBRARY = "libc++";
				CLANG_ENABLE_MODULES = YES;
				CLANG_ENABLE_OBJC_ARC = YES;
				CLANG_WARN_BOOL_CONVERSION = YES;
				CLANG_WARN_CONSTANT_CONVERSION = YES;
				CLANG_WARN_DIRECT_OBJC_ISA_USAGE = YES_ERROR;
				CLANG_WARN_EMPTY_BODY = YES;
				CLANG_WARN_ENUM_CONVERSION = YES;
				CLANG_WARN_INT_CONVERSION = YES;
				CLANG_WARN_OBJC_ROOT_CLASS = YES_ERROR;
				CLANG_WARN_UNREACHABLE_CODE = YES;
				CLANG_WARN__DUPLICATE_METHOD_MATCH = YES;
				CODE_SIGN_IDENTITY = "-";
				COPY_PHASE_STRIP = NO;
				DEBUG_INFORMATION_FORMAT = dwarf;
				ENABLE_STRICT_OBJC_MSGSEND = YES;
				ENABLE_TESTABILITY = YES;
				GCC_C_LANGUAGE_STANDARD = gnu99;
				GCC_DYNAMIC_NO_PIC = NO;
				GCC_NO_COMMON_BLOCKS = YES;
				GCC_OPTIMIZATION_LEVEL = 0;
				GCC_PREPROCESSOR_DEFINITIONS = (
					"DEBUG=1",
					"$(inherited)",
				);
				GCC_WARN_64_TO_32_BIT_CONVERSION = YES;
				GCC_WARN_ABOUT_RETURN_TYPE = YES_ERROR;
				GCC_WARN_UNDECLARED_SELECTOR = YES;
				GCC_WARN_UNINITIALIZED_AUTOS = YES_AGGRESSIVE;
				GCC_WARN_UNUSED_FUNCTION = YES;
				GCC_WARN_UNUSED_VARIABLE = YES;
				MACOSX_DEPLOYMENT_TARGET = 10.11;
				MTL_ENABLE_DEBUG_INFO = YES;
				ONLY_ACTIVE_ARCH = YES;
				SDKROOT = macosx;
				SWIFT_OPTIMIZATION_LEVEL = "-Onone";
			};
			name = Debug;
		};
		422AA4CC1CE278B10029A442 /* Release */ = {
			isa = XCBuildConfiguration;
			buildSettings = {
				ALWAYS_SEARCH_USER_PATHS = NO;
				CLANG_ANALYZER_NONNULL = YES;
				CLANG_CXX_LANGUAGE_STANDARD = "gnu++0x";
				CLANG_CXX_LIBRARY = "libc++";
				CLANG_ENABLE_MODULES = YES;
				CLANG_ENABLE_OBJC_ARC = YES;
				CLANG_WARN_BOOL_CONVERSION = YES;
				CLANG_WARN_CONSTANT_CONVERSION = YES;
				CLANG_WARN_DIRECT_OBJC_ISA_USAGE = YES_ERROR;
				CLANG_WARN_EMPTY_BODY = YES;
				CLANG_WARN_ENUM_CONVERSION = YES;
				CLANG_WARN_INT_CONVERSION = YES;
				CLANG_WARN_OBJC_ROOT_CLASS = YES_ERROR;
				CLANG_WARN_UNREACHABLE_CODE = YES;
				CLANG_WARN__DUPLICATE_METHOD_MATCH = YES;
				CODE_SIGN_IDENTITY = "-";
				COPY_PHASE_STRIP = NO;
				DEBUG_INFORMATION_FORMAT = "dwarf-with-dsym";
				ENABLE_NS_ASSERTIONS = NO;
				ENABLE_STRICT_OBJC_MSGSEND = YES;
				GCC_C_LANGUAGE_STANDARD = gnu99;
				GCC_NO_COMMON_BLOCKS = YES;
				GCC_WARN_64_TO_32_BIT_CONVERSION = YES;
				GCC_WARN_ABOUT_RETURN_TYPE = YES_ERROR;
				GCC_WARN_UNDECLARED_SELECTOR = YES;
				GCC_WARN_UNINITIALIZED_AUTOS = YES_AGGRESSIVE;
				GCC_WARN_UNUSED_FUNCTION = YES;
				GCC_WARN_UNUSED_VARIABLE = YES;
				MACOSX_DEPLOYMENT_TARGET = 10.11;
				MTL_ENABLE_DEBUG_INFO = NO;
				SDKROOT = macosx;
			};
			name = Release;
		};
		422AA4CE1CE278B10029A442 /* Debug */ = {
			isa = XCBuildConfiguration;
			buildSettings = {
				ASSETCATALOG_COMPILER_APPICON_NAME = AppIcon;
				COMBINE_HIDPI_IMAGES = YES;
				FRAMEWORK_SEARCH_PATHS = (
					"$(inherited)",
					"$(PROJECT_DIR)/regressor",
				);
				INFOPLIST_FILE = regressor/Info.plist;
				LD_RUNPATH_SEARCH_PATHS = "$(inherited) @executable_path/../Frameworks";
				PRODUCT_BUNDLE_IDENTIFIER = com.codeOfRobin.regressor;
				PRODUCT_NAME = "$(TARGET_NAME)";
			};
			name = Debug;
		};
		422AA4CF1CE278B10029A442 /* Release */ = {
			isa = XCBuildConfiguration;
			buildSettings = {
				ASSETCATALOG_COMPILER_APPICON_NAME = AppIcon;
				COMBINE_HIDPI_IMAGES = YES;
				FRAMEWORK_SEARCH_PATHS = (
					"$(inherited)",
					"$(PROJECT_DIR)/regressor",
				);
				INFOPLIST_FILE = regressor/Info.plist;
				LD_RUNPATH_SEARCH_PATHS = "$(inherited) @executable_path/../Frameworks";
				PRODUCT_BUNDLE_IDENTIFIER = com.codeOfRobin.regressor;
				PRODUCT_NAME = "$(TARGET_NAME)";
			};
			name = Release;
		};
/* End XCBuildConfiguration section */

/* Begin XCConfigurationList section */
		422AA4B71CE278B10029A442 /* Build configuration list for PBXProject "regressor" */ = {
			isa = XCConfigurationList;
			buildConfigurations = (
				422AA4CB1CE278B10029A442 /* Debug */,
				422AA4CC1CE278B10029A442 /* Release */,
			);
			defaultConfigurationIsVisible = 0;
			defaultConfigurationName = Release;
		};
		422AA4CD1CE278B10029A442 /* Build configuration list for PBXNativeTarget "regressor" */ = {
			isa = XCConfigurationList;
			buildConfigurations = (
				422AA4CE1CE278B10029A442 /* Debug */,
				422AA4CF1CE278B10029A442 /* Release */,
			);
			defaultConfigurationIsVisible = 0;
			defaultConfigurationName = Release;
		};
/* End XCConfigurationList section */
	};
	rootObject = 422AA4B41CE278B10029A442 /* Project object */;
}
